
Microsoft Visual Studio Solution File, Format Version 12.00
# Visual Studio Version 17
VisualStudioVersion = 17.14.36221.1
MinimumVisualStudioVersion = 10.0.40219.1
Project("{FAE04EC0-301F-11D3-BF4B-00C04F79EFBC}") = "piefetch", "fetch\piefetch.csproj", "{BFE6E19C-8C29-4788-80C0-93CB02F7FBB2}"
EndProject
Global
	GlobalSection(SolutionConfigurationPlatforms) = preSolution
		Debug|Any CPU = Debug|Any CPU
		Release|Any CPU = Release|Any CPU
	EndGlobalSection
	GlobalSection(ProjectConfigurationPlatforms) = postSolution
		{BFE6E19C-8C29-4788-80C0-93CB02F7FBB2}.Debug|Any CPU.ActiveCfg = Debug|Any CPU
		{BFE6E19C-8C29-4788-80C0-93CB02F7FBB2}.Debug|Any CPU.Build.0 = Debug|Any CPU
		{BFE6E19C-8C29-4788-80C0-93CB02F7FBB2}.Release|Any CPU.ActiveCfg = Release|Any CPU
		{BFE6E19C-8C29-4788-80C0-93CB02F7FBB2}.Release|Any CPU.Build.0 = Release|Any CPU
	EndGlobalSection
	GlobalSection(SolutionProperties) = preSolution
		HideSolutionNode = FALSE
	EndGlobalSection
	GlobalSection(ExtensibilityGlobals) = postSolution
		SolutionGuid = {68BF88B0-DE88-4B5F-AA2E-3982EA02F32E}
	EndGlobalSection
EndGlobal
